{
  "name": "yona-frontend",
  "lockfileVersion": 3,
  "requires": true,
  "packages": {
    "": {
      "name": "yona-frontend",
      "dependencies": {
        "@hotwired/turbo": "8.0.23"
      },
      "engines": {
        "node": ">=22",
        "npm": ">=10"
      }
    },
    "node_modules/@hotwired/turbo": {
      "version": "8.0.23",
      "resolved": "https://registry.npmjs.org/@hotwired/turbo/-/turbo-8.0.23.tgz",
      "integrity": "sha512-GZ7cijxEZ6Ig71u7rD6LHaRv/wcE/hNsc+nEfiWOkLNqUgLOwo5MNGWOy5ZV9ZUDSiQx1no7YxjTNnT4O6//cQ==",
      "license": "MIT",
      "engines": {
        "node": ">= 18"
      }
    }
  }
}
